
Microsoft Visual Studio Solution File, Format Version 12.00
# Visual Studio Version 16
VisualStudioVersion = 16.0.32929.386
MinimumVisualStudioVersion = 10.0.40219.1
Project("{FAE04EC0-301F-11D3-BF4B-00C04F79EFBC}") = "ConsoleApp3", "ConsoleApp3\ConsoleApp3.csproj", "{B069E928-BDDC-4121-89D9-DBB255F36008}"
EndProject
Project("{FAE04EC0-301F-11D3-BF4B-00C04F79EFBC}") = "ConsoleApp4", "..\ConsoleApp4\ConsoleApp4\ConsoleApp4.csproj", "{F478DC7B-895B-46E4-96B9-83BE4D691C5A}"
EndProject
Global
	GlobalSection(SolutionConfigurationPlatforms) = preSolution
		Debug|Any CPU = Debug|Any CPU
		Release|Any CPU = Release|Any CPU
	EndGlobalSection
	GlobalSection(ProjectConfigurationPlatforms) = postSolution
		{B069E928-BDDC-4121-89D9-DBB255F36008}.Debug|Any CPU.ActiveCfg = Debug|Any CPU
		{B069E928-BDDC-4121-89D9-DBB255F36008}.Debug|Any CPU.Build.0 = Debug|Any CPU
		{B069E928-BDDC-4121-89D9-DBB255F36008}.Release|Any CPU.ActiveCfg = Release|Any CPU
		{B069E928-BDDC-4121-89D9-DBB255F36008}.Release|Any CPU.Build.0 = Release|Any CPU
		{F478DC7B-895B-46E4-96B9-83BE4D691C5A}.Debug|Any CPU.ActiveCfg = Debug|Any CPU
		{F478DC7B-895B-46E4-96B9-83BE4D691C5A}.Debug|Any CPU.Build.0 = Debug|Any CPU
		{F478DC7B-895B-46E4-96B9-83BE4D691C5A}.Release|Any CPU.ActiveCfg = Release|Any CPU
		{F478DC7B-895B-46E4-96B9-83BE4D691C5A}.Release|Any CPU.Build.0 = Release|Any CPU
	EndGlobalSection
	GlobalSection(SolutionProperties) = preSolution
		HideSolutionNode = FALSE
	EndGlobalSection
	GlobalSection(ExtensibilityGlobals) = postSolution
		SolutionGuid = {7A0F0675-2D14-41BA-B4F6-62F11807B3DD}
	EndGlobalSection
EndGlobal
